{
  "object": {
    "pins": [
      {
        "package": "Necom",
        "repositoryURL": "https://github.com/marty-suzuki/Necom",
        "state": {
          "branch": "master",
          "revision": "fb64b7530815e2776a910651dfa51c81a7825238",
          "version": null
        }
      }
    ]
  },
  "version": 1
}
